// !$*UTF8*$!
{
	archiveVersion = 1;
	classes = {
	};
	objectVersion = 56;
	objects = {

/* Begin PBXBuildFile section */
		081348A52AE4779300699C84 /* GoogleService-Info.plist in Resources */ = {isa = PBXBuildFile; fileRef = 081348A42AE4779300699C84 /* GoogleService-Info.plist */; };
		081348A72AE47E4700699C84 /* GREENTRaiLModel.swift in Sources */ = {isa = PBXBuildFile; fileRef = 081348A62AE47E4700699C84 /* GREENTRaiLModel.swift */; };
		081529FF2AE419320039AE8F /* TerraiOS in Frameworks */ = {isa = PBXBuildFile; productRef = 081529FE2AE419320039AE8F /* TerraiOS */; };
		5CC4765B2AE41D0F00FF2510 /* FirebaseAnalytics in Frameworks */ = {isa = PBXBuildFile; productRef = 5CC4765A2AE41D0F00FF2510 /* FirebaseAnalytics */; };
		5CC4765D2AE41D0F00FF2510 /* FirebaseAnalyticsOnDeviceConversion in Frameworks */ = {isa = PBXBuildFile; productRef = 5CC4765C2AE41D0F00FF2510 /* FirebaseAnalyticsOnDeviceConversion */; };
		5CC4765F2AE41D0F00FF2510 /* FirebaseAnalyticsSwift in Frameworks */ = {isa = PBXBuildFile; productRef = 5CC4765E2AE41D0F00FF2510 /* FirebaseAnalyticsSwift */; };
		5CC476612AE41D0F00FF2510 /* FirebaseAnalyticsWithoutAdIdSupport in Frameworks */ = {isa = PBXBuildFile; productRef = 5CC476602AE41D0F00FF2510 /* FirebaseAnalyticsWithoutAdIdSupport */; };
		5CC476632AE41D0F00FF2510 /* FirebaseAppCheck in Frameworks */ = {isa = PBXBuildFile; productRef = 5CC476622AE41D0F00FF2510 /* FirebaseAppCheck */; };
		5CC476652AE41D0F00FF2510 /* FirebaseAppDistribution-Beta in Frameworks */ = {isa = PBXBuildFile; productRef = 5CC476642AE41D0F00FF2510 /* FirebaseAppDistribution-Beta */; };
		5CC476672AE41D0F00FF2510 /* FirebaseAuth in Frameworks */ = {isa = PBXBuildFile; productRef = 5CC476662AE41D0F00FF2510 /* FirebaseAuth */; };
		5CC476692AE41D0F00FF2510 /* FirebaseAuthCombine-Community in Frameworks */ = {isa = PBXBuildFile; productRef = 5CC476682AE41D0F00FF2510 /* FirebaseAuthCombine-Community */; };
		5CC4766B2AE41D0F00FF2510 /* FirebaseCrashlytics in Frameworks */ = {isa = PBXBuildFile; productRef = 5CC4766A2AE41D0F00FF2510 /* FirebaseCrashlytics */; };
		5CC4766D2AE41D0F00FF2510 /* FirebaseDatabase in Frameworks */ = {isa = PBXBuildFile; productRef = 5CC4766C2AE41D0F00FF2510 /* FirebaseDatabase */; };
		5CC4766F2AE41D0F00FF2510 /* FirebaseDatabaseSwift in Frameworks */ = {isa = PBXBuildFile; productRef = 5CC4766E2AE41D0F00FF2510 /* FirebaseDatabaseSwift */; };
		5CC476712AE41D0F00FF2510 /* FirebaseDynamicLinks in Frameworks */ = {isa = PBXBuildFile; productRef = 5CC476702AE41D0F00FF2510 /* FirebaseDynamicLinks */; };
		5CC476732AE41D0F00FF2510 /* FirebaseFirestore in Frameworks */ = {isa = PBXBuildFile; productRef = 5CC476722AE41D0F00FF2510 /* FirebaseFirestore */; };
		5CC476752AE41D0F00FF2510 /* FirebaseFirestoreCombine-Community in Frameworks */ = {isa = PBXBuildFile; productRef = 5CC476742AE41D0F00FF2510 /* FirebaseFirestoreCombine-Community */; };
		5CC476772AE41D0F00FF2510 /* FirebaseFirestoreSwift in Frameworks */ = {isa = PBXBuildFile; productRef = 5CC476762AE41D0F00FF2510 /* FirebaseFirestoreSwift */; };
		5CC476792AE41D0F00FF2510 /* FirebaseFunctions in Frameworks */ = {isa = PBXBuildFile; productRef = 5CC476782AE41D0F00FF2510 /* FirebaseFunctions */; };
		5CC4767B2AE41D0F00FF2510 /* FirebaseFunctionsCombine-Community in Frameworks */ = {isa = PBXBuildFile; productRef = 5CC4767A2AE41D0F00FF2510 /* FirebaseFunctionsCombine-Community */; };
		5CC4767D2AE41D0F00FF2510 /* FirebaseInAppMessaging-Beta in Frameworks */ = {isa = PBXBuildFile; productRef = 5CC4767C2AE41D0F00FF2510 /* FirebaseInAppMessaging-Beta */; };
		5CC4767F2AE41D0F00FF2510 /* FirebaseInAppMessagingSwift-Beta in Frameworks */ = {isa = PBXBuildFile; productRef = 5CC4767E2AE41D0F00FF2510 /* FirebaseInAppMessagingSwift-Beta */; };
		5CC476812AE41D0F00FF2510 /* FirebaseInstallations in Frameworks */ = {isa = PBXBuildFile; productRef = 5CC476802AE41D0F00FF2510 /* FirebaseInstallations */; };
		5CC476832AE41D0F00FF2510 /* FirebaseMLModelDownloader in Frameworks */ = {isa = PBXBuildFile; productRef = 5CC476822AE41D0F00FF2510 /* FirebaseMLModelDownloader */; };
		5CC476852AE41D0F00FF2510 /* FirebaseMessaging in Frameworks */ = {isa = PBXBuildFile; productRef = 5CC476842AE41D0F00FF2510 /* FirebaseMessaging */; };
		5CC476872AE41D0F00FF2510 /* FirebasePerformance in Frameworks */ = {isa = PBXBuildFile; productRef = 5CC476862AE41D0F00FF2510 /* FirebasePerformance */; };
		5CC476892AE41D1000FF2510 /* FirebaseRemoteConfig in Frameworks */ = {isa = PBXBuildFile; productRef = 5CC476882AE41D0F00FF2510 /* FirebaseRemoteConfig */; };
		5CC4768B2AE41D1000FF2510 /* FirebaseRemoteConfigSwift in Frameworks */ = {isa = PBXBuildFile; productRef = 5CC4768A2AE41D1000FF2510 /* FirebaseRemoteConfigSwift */; };
		5CC4768D2AE41D1000FF2510 /* FirebaseStorage in Frameworks */ = {isa = PBXBuildFile; productRef = 5CC4768C2AE41D1000FF2510 /* FirebaseStorage */; };
		5CC4768F2AE41D1000FF2510 /* FirebaseStorageCombine-Community in Frameworks */ = {isa = PBXBuildFile; productRef = 5CC4768E2AE41D1000FF2510 /* FirebaseStorageCombine-Community */; };
		5CC476992AE45F6800FF2510 /* WidgetHandler.swift in Sources */ = {isa = PBXBuildFile; fileRef = 5CC476982AE45F6800FF2510 /* WidgetHandler.swift */; };
		5CC4769B2AE45F8E00FF2510 /* Secrets.swift in Sources */ = {isa = PBXBuildFile; fileRef = 5CC4769A2AE45F8E00FF2510 /* Secrets.swift */; };
		5CC4769D2AE4605C00FF2510 /* WidgetInfo.swift in Sources */ = {isa = PBXBuildFile; fileRef = 5CC4769C2AE4605C00FF2510 /* WidgetInfo.swift */; };
		5CC4769F2AE460DD00FF2510 /* Errors.swift in Sources */ = {isa = PBXBuildFile; fileRef = 5CC4769E2AE460DD00FF2510 /* Errors.swift */; };
		5CC476A12AE4698C00FF2510 /* HomeView.swift in Sources */ = {isa = PBXBuildFile; fileRef = 5CC476A02AE4698C00FF2510 /* HomeView.swift */; };
		5CC476A32AE4771800FF2510 /* GoogleService-Info.plist in Resources */ = {isa = PBXBuildFile; fileRef = 5CC476A22AE4771800FF2510 /* GoogleService-Info.plist */; };
		D824AF852AE430540042148A /* LogInView.swift in Sources */ = {isa = PBXBuildFile; fileRef = D824AF842AE430540042148A /* LogInView.swift */; };
		D824AF892AE4387A0042148A /* Fonts in Resources */ = {isa = PBXBuildFile; fileRef = D824AF882AE4387A0042148A /* Fonts */; };
		D8C07DDC2AE417AB0069EF0C /* GREENTRaiLApp.swift in Sources */ = {isa = PBXBuildFile; fileRef = D8C07DDB2AE417AB0069EF0C /* GREENTRaiLApp.swift */; };
		D8C07DDE2AE417AB0069EF0C /* ContentView.swift in Sources */ = {isa = PBXBuildFile; fileRef = D8C07DDD2AE417AB0069EF0C /* ContentView.swift */; };
		D8C07DE32AE417B10069EF0C /* Preview Assets.xcassets in Resources */ = {isa = PBXBuildFile; fileRef = D8C07DE22AE417B10069EF0C /* Preview Assets.xcassets */; };
/* End PBXBuildFile section */

/* Begin PBXFileReference section */
		081348A42AE4779300699C84 /* GoogleService-Info.plist */ = {isa = PBXFileReference; fileEncoding = 4; lastKnownFileType = text.plist.xml; name = "GoogleService-Info.plist"; path = "../../../../Desktop/GoogleService-Info.plist"; sourceTree = "<group>"; };
		081348A62AE47E4700699C84 /* GREENTRaiLModel.swift */ = {isa = PBXFileReference; lastKnownFileType = sourcecode.swift; path = GREENTRaiLModel.swift; sourceTree = "<group>"; };
		08152A002AE419640039AE8F /* GREENTRaiL.entitlements */ = {isa = PBXFileReference; lastKnownFileType = text.plist.entitlements; path = GREENTRaiL.entitlements; sourceTree = "<group>"; };
		08152A012AE419720039AE8F /* Info.plist */ = {isa = PBXFileReference; lastKnownFileType = text.plist; path = Info.plist; sourceTree = "<group>"; };
		5CC476982AE45F6800FF2510 /* WidgetHandler.swift */ = {isa = PBXFileReference; lastKnownFileType = sourcecode.swift; path = WidgetHandler.swift; sourceTree = "<group>"; };
		5CC4769A2AE45F8E00FF2510 /* Secrets.swift */ = {isa = PBXFileReference; lastKnownFileType = sourcecode.swift; path = Secrets.swift; sourceTree = "<group>"; };
		5CC4769C2AE4605C00FF2510 /* WidgetInfo.swift */ = {isa = PBXFileReference; lastKnownFileType = sourcecode.swift; path = WidgetInfo.swift; sourceTree = "<group>"; };
		5CC4769E2AE460DD00FF2510 /* Errors.swift */ = {isa = PBXFileReference; lastKnownFileType = sourcecode.swift; path = Errors.swift; sourceTree = "<group>"; };
		5CC476A02AE4698C00FF2510 /* HomeView.swift */ = {isa = PBXFileReference; fileEncoding = 4; lastKnownFileType = sourcecode.swift; path = HomeView.swift; sourceTree = "<group>"; };
		5CC476A22AE4771800FF2510 /* GoogleService-Info.plist */ = {isa = PBXFileReference; fileEncoding = 4; lastKnownFileType = text.plist.xml; name = "GoogleService-Info.plist"; path = "../../Downloads/GoogleService-Info.plist"; sourceTree = "<group>"; };
		D824AF842AE430540042148A /* LogInView.swift */ = {isa = PBXFileReference; lastKnownFileType = sourcecode.swift; path = LogInView.swift; sourceTree = "<group>"; };
		D824AF882AE4387A0042148A /* Fonts */ = {isa = PBXFileReference; lastKnownFileType = folder; path = Fonts; sourceTree = "<group>"; };
		D8C07DD82AE417AB0069EF0C /* GREENTRaiL.app */ = {isa = PBXFileReference; explicitFileType = wrapper.application; includeInIndex = 0; path = GREENTRaiL.app; sourceTree = BUILT_PRODUCTS_DIR; };
		D8C07DDB2AE417AB0069EF0C /* GREENTRaiLApp.swift */ = {isa = PBXFileReference; lastKnownFileType = sourcecode.swift; path = GREENTRaiLApp.swift; sourceTree = "<group>"; };
		D8C07DDD2AE417AB0069EF0C /* ContentView.swift */ = {isa = PBXFileReference; lastKnownFileType = sourcecode.swift; path = ContentView.swift; sourceTree = "<group>"; };
		D8C07DE22AE417B10069EF0C /* Preview Assets.xcassets */ = {isa = PBXFileReference; lastKnownFileType = folder.assetcatalog; path = "Preview Assets.xcassets"; sourceTree = "<group>"; };
/* End PBXFileReference section */

/* Begin PBXFrameworksBuildPhase section */
		D8C07DD52AE417AB0069EF0C /* Frameworks */ = {
			isa = PBXFrameworksBuildPhase;
			buildActionMask = 2147483647;
			files = (
				5CC476792AE41D0F00FF2510 /* FirebaseFunctions in Frameworks */,
				5CC4766F2AE41D0F00FF2510 /* FirebaseDatabaseSwift in Frameworks */,
				5CC4767F2AE41D0F00FF2510 /* FirebaseInAppMessagingSwift-Beta in Frameworks */,
				5CC476852AE41D0F00FF2510 /* FirebaseMessaging in Frameworks */,
				5CC476652AE41D0F00FF2510 /* FirebaseAppDistribution-Beta in Frameworks */,
				5CC476692AE41D0F00FF2510 /* FirebaseAuthCombine-Community in Frameworks */,
				5CC476752AE41D0F00FF2510 /* FirebaseFirestoreCombine-Community in Frameworks */,
				5CC4765F2AE41D0F00FF2510 /* FirebaseAnalyticsSwift in Frameworks */,
				5CC476832AE41D0F00FF2510 /* FirebaseMLModelDownloader in Frameworks */,
				5CC476612AE41D0F00FF2510 /* FirebaseAnalyticsWithoutAdIdSupport in Frameworks */,
				5CC4765B2AE41D0F00FF2510 /* FirebaseAnalytics in Frameworks */,
				5CC476772AE41D0F00FF2510 /* FirebaseFirestoreSwift in Frameworks */,
				5CC4765D2AE41D0F00FF2510 /* FirebaseAnalyticsOnDeviceConversion in Frameworks */,
				5CC476632AE41D0F00FF2510 /* FirebaseAppCheck in Frameworks */,
				5CC476872AE41D0F00FF2510 /* FirebasePerformance in Frameworks */,
				5CC4767D2AE41D0F00FF2510 /* FirebaseInAppMessaging-Beta in Frameworks */,
				5CC4767B2AE41D0F00FF2510 /* FirebaseFunctionsCombine-Community in Frameworks */,
				5CC4766B2AE41D0F00FF2510 /* FirebaseCrashlytics in Frameworks */,
				5CC476812AE41D0F00FF2510 /* FirebaseInstallations in Frameworks */,
				5CC476892AE41D1000FF2510 /* FirebaseRemoteConfig in Frameworks */,
				5CC4768D2AE41D1000FF2510 /* FirebaseStorage in Frameworks */,
				5CC4766D2AE41D0F00FF2510 /* FirebaseDatabase in Frameworks */,
				5CC4768F2AE41D1000FF2510 /* FirebaseStorageCombine-Community in Frameworks */,
				081529FF2AE419320039AE8F /* TerraiOS in Frameworks */,
				5CC476672AE41D0F00FF2510 /* FirebaseAuth in Frameworks */,
				5CC476712AE41D0F00FF2510 /* FirebaseDynamicLinks in Frameworks */,
				5CC476732AE41D0F00FF2510 /* FirebaseFirestore in Frameworks */,
				5CC4768B2AE41D1000FF2510 /* FirebaseRemoteConfigSwift in Frameworks */,
			);
			runOnlyForDeploymentPostprocessing = 0;
		};
/* End PBXFrameworksBuildPhase section */

/* Begin PBXGroup section */
		D8C07DCF2AE417AB0069EF0C = {
			isa = PBXGroup;
			children = (
				D8C07DDA2AE417AB0069EF0C /* GREENTRaiL */,
				D8C07DD92AE417AB0069EF0C /* Products */,
			);
			sourceTree = "<group>";
		};
		D8C07DD92AE417AB0069EF0C /* Products */ = {
			isa = PBXGroup;
			children = (
				D8C07DD82AE417AB0069EF0C /* GREENTRaiL.app */,
			);
			name = Products;
			sourceTree = "<group>";
		};
		D8C07DDA2AE417AB0069EF0C /* GREENTRaiL */ = {
			isa = PBXGroup;
			children = (
				081348A42AE4779300699C84 /* GoogleService-Info.plist */,
				D824AF882AE4387A0042148A /* Fonts */,
				08152A012AE419720039AE8F /* Info.plist */,
				08152A002AE419640039AE8F /* GREENTRaiL.entitlements */,
				5CC476A22AE4771800FF2510 /* GoogleService-Info.plist */,
				5CC476A02AE4698C00FF2510 /* HomeView.swift */,
				D8C07DDB2AE417AB0069EF0C /* GREENTRaiLApp.swift */,
				D8C07DDD2AE417AB0069EF0C /* ContentView.swift */,
				D824AF842AE430540042148A /* LogInView.swift */,
				D8C07DE12AE417B10069EF0C /* Preview Content */,
				5CC476982AE45F6800FF2510 /* WidgetHandler.swift */,
				5CC4769A2AE45F8E00FF2510 /* Secrets.swift */,
				5CC4769C2AE4605C00FF2510 /* WidgetInfo.swift */,
				5CC4769E2AE460DD00FF2510 /* Errors.swift */,
				081348A62AE47E4700699C84 /* GREENTRaiLModel.swift */,
			);
			path = GREENTRaiL;
			sourceTree = "<group>";
		};
		D8C07DE12AE417B10069EF0C /* Preview Content */ = {
			isa = PBXGroup;
			children = (
				D8C07DE22AE417B10069EF0C /* Preview Assets.xcassets */,
			);
			path = "Preview Content";
			sourceTree = "<group>";
		};
/* End PBXGroup section */

/* Begin PBXNativeTarget section */
		D8C07DD72AE417AB0069EF0C /* GREENTRaiL */ = {
			isa = PBXNativeTarget;
			buildConfigurationList = D8C07DE62AE417B10069EF0C /* Build configuration list for PBXNativeTarget "GREENTRaiL" */;
			buildPhases = (
				D8C07DD42AE417AB0069EF0C /* Sources */,
				D8C07DD52AE417AB0069EF0C /* Frameworks */,
				D8C07DD62AE417AB0069EF0C /* Resources */,
			);
			buildRules = (
			);
			dependencies = (
			);
			name = GREENTRaiL;
			packageProductDependencies = (
				081529FE2AE419320039AE8F /* TerraiOS */,
				5CC4765A2AE41D0F00FF2510 /* FirebaseAnalytics */,
				5CC4765C2AE41D0F00FF2510 /* FirebaseAnalyticsOnDeviceConversion */,
				5CC4765E2AE41D0F00FF2510 /* FirebaseAnalyticsSwift */,
				5CC476602AE41D0F00FF2510 /* FirebaseAnalyticsWithoutAdIdSupport */,
				5CC476622AE41D0F00FF2510 /* FirebaseAppCheck */,
				5CC476642AE41D0F00FF2510 /* FirebaseAppDistribution-Beta */,
				5CC476662AE41D0F00FF2510 /* FirebaseAuth */,
				5CC476682AE41D0F00FF2510 /* FirebaseAuthCombine-Community */,
				5CC4766A2AE41D0F00FF2510 /* FirebaseCrashlytics */,
				5CC4766C2AE41D0F00FF2510 /* FirebaseDatabase */,
				5CC4766E2AE41D0F00FF2510 /* FirebaseDatabaseSwift */,
				5CC476702AE41D0F00FF2510 /* FirebaseDynamicLinks */,
				5CC476722AE41D0F00FF2510 /* FirebaseFirestore */,
				5CC476742AE41D0F00FF2510 /* FirebaseFirestoreCombine-Community */,
				5CC476762AE41D0F00FF2510 /* FirebaseFirestoreSwift */,
				5CC476782AE41D0F00FF2510 /* FirebaseFunctions */,
				5CC4767A2AE41D0F00FF2510 /* FirebaseFunctionsCombine-Community */,
				5CC4767C2AE41D0F00FF2510 /* FirebaseInAppMessaging-Beta */,
				5CC4767E2AE41D0F00FF2510 /* FirebaseInAppMessagingSwift-Beta */,
				5CC476802AE41D0F00FF2510 /* FirebaseInstallations */,
				5CC476822AE41D0F00FF2510 /* FirebaseMLModelDownloader */,
				5CC476842AE41D0F00FF2510 /* FirebaseMessaging */,
				5CC476862AE41D0F00FF2510 /* FirebasePerformance */,
				5CC476882AE41D0F00FF2510 /* FirebaseRemoteConfig */,
				5CC4768A2AE41D1000FF2510 /* FirebaseRemoteConfigSwift */,
				5CC4768C2AE41D1000FF2510 /* FirebaseStorage */,
				5CC4768E2AE41D1000FF2510 /* FirebaseStorageCombine-Community */,
			);
			productName = GREENTRaiL;
			productReference = D8C07DD82AE417AB0069EF0C /* GREENTRaiL.app */;
			productType = "com.apple.product-type.application";
		};
/* End PBXNativeTarget section */

/* Begin PBXProject section */
		D8C07DD02AE417AB0069EF0C /* Project object */ = {
			isa = PBXProject;
			attributes = {
				BuildIndependentTargetsInParallel = 1;
				LastSwiftUpdateCheck = 1500;
				LastUpgradeCheck = 1500;
				TargetAttributes = {
					D8C07DD72AE417AB0069EF0C = {
						CreatedOnToolsVersion = 15.0.1;
					};
				};
			};
			buildConfigurationList = D8C07DD32AE417AB0069EF0C /* Build configuration list for PBXProject "GREENTRaiL" */;
			compatibilityVersion = "Xcode 14.0";
			developmentRegion = en;
			hasScannedForEncodings = 0;
			knownRegions = (
				en,
				Base,
			);
			mainGroup = D8C07DCF2AE417AB0069EF0C;
			packageReferences = (
				081529FD2AE419320039AE8F /* XCRemoteSwiftPackageReference "TerraiOS" */,
				5CC476592AE41D0F00FF2510 /* XCRemoteSwiftPackageReference "firebase-ios-sdk" */,
			);
			productRefGroup = D8C07DD92AE417AB0069EF0C /* Products */;
			projectDirPath = "";
			projectRoot = "";
			targets = (
				D8C07DD72AE417AB0069EF0C /* GREENTRaiL */,
			);
		};
/* End PBXProject section */

/* Begin PBXResourcesBuildPhase section */
		D8C07DD62AE417AB0069EF0C /* Resources */ = {
			isa = PBXResourcesBuildPhase;
			buildActionMask = 2147483647;
			files = (
				D8C07DE32AE417B10069EF0C /* Preview Assets.xcassets in Resources */,
				D824AF892AE4387A0042148A /* Fonts in Resources */,
				5CC476A32AE4771800FF2510 /* GoogleService-Info.plist in Resources */,
			);
			runOnlyForDeploymentPostprocessing = 0;
		};
/* End PBXResourcesBuildPhase section */

/* Begin PBXSourcesBuildPhase section */
		D8C07DD42AE417AB0069EF0C /* Sources */ = {
			isa = PBXSourcesBuildPhase;
			buildActionMask = 2147483647;
			files = (
				5CC476992AE45F6800FF2510 /* WidgetHandler.swift in Sources */,
				5CC4769B2AE45F8E00FF2510 /* Secrets.swift in Sources */,
				D824AF852AE430540042148A /* LogInView.swift in Sources */,
				D8C07DDE2AE417AB0069EF0C /* ContentView.swift in Sources */,
				081348A72AE47E4700699C84 /* GREENTRaiLModel.swift in Sources */,
				D8C07DDC2AE417AB0069EF0C /* GREENTRaiLApp.swift in Sources */,
				5CC476A12AE4698C00FF2510 /* HomeView.swift in Sources */,
				5CC4769D2AE4605C00FF2510 /* WidgetInfo.swift in Sources */,
				5CC4769F2AE460DD00FF2510 /* Errors.swift in Sources */,
			);
			runOnlyForDeploymentPostprocessing = 0;
		};
/* End PBXSourcesBuildPhase section */

/* Begin XCBuildConfiguration section */
		D8C07DE42AE417B10069EF0C /* Debug */ = {
			isa = XCBuildConfiguration;
			buildSettings = {
				ALWAYS_SEARCH_USER_PATHS = NO;
				ASSETCATALOG_COMPILER_GENERATE_SWIFT_ASSET_SYMBOL_EXTENSIONS = YES;
				CLANG_ANALYZER_NONNULL = YES;
				CLANG_ANALYZER_NUMBER_OBJECT_CONVERSION = YES_AGGRESSIVE;
				CLANG_CXX_LANGUAGE_STANDARD = "gnu++20";
				CLANG_ENABLE_MODULES = YES;
				CLANG_ENABLE_OBJC_ARC = YES;
				CLANG_ENABLE_OBJC_WEAK = YES;
				CLANG_WARN_BLOCK_CAPTURE_AUTORELEASING = YES;
				CLANG_WARN_BOOL_CONVERSION = YES;
				CLANG_WARN_COMMA = YES;
				CLANG_WARN_CONSTANT_CONVERSION = YES;
				CLANG_WARN_DEPRECATED_OBJC_IMPLEMENTATIONS = YES;
				CLANG_WARN_DIRECT_OBJC_ISA_USAGE = YES_ERROR;
				CLANG_WARN_DOCUMENTATION_COMMENTS = YES;
				CLANG_WARN_EMPTY_BODY = YES;
				CLANG_WARN_ENUM_CONVERSION = YES;
				CLANG_WARN_INFINITE_RECURSION = YES;
				CLANG_WARN_INT_CONVERSION = YES;
				CLANG_WARN_NON_LITERAL_NULL_CONVERSION = YES;
				CLANG_WARN_OBJC_IMPLICIT_RETAIN_SELF = YES;
				CLANG_WARN_OBJC_LITERAL_CONVERSION = YES;
				CLANG_WARN_OBJC_ROOT_CLASS = YES_ERROR;
				CLANG_WARN_QUOTED_INCLUDE_IN_FRAMEWORK_HEADER = YES;
				CLANG_WARN_RANGE_LOOP_ANALYSIS = YES;
				CLANG_WARN_STRICT_PROTOTYPES = YES;
				CLANG_WARN_SUSPICIOUS_MOVE = YES;
				CLANG_WARN_UNGUARDED_AVAILABILITY = YES_AGGRESSIVE;
				CLANG_WARN_UNREACHABLE_CODE = YES;
				CLANG_WARN__DUPLICATE_METHOD_MATCH = YES;
				COPY_PHASE_STRIP = NO;
				DEBUG_INFORMATION_FORMAT = dwarf;
				ENABLE_STRICT_OBJC_MSGSEND = YES;
				ENABLE_TESTABILITY = YES;
				ENABLE_USER_SCRIPT_SANDBOXING = YES;
				GCC_C_LANGUAGE_STANDARD = gnu17;
				GCC_DYNAMIC_NO_PIC = NO;
				GCC_NO_COMMON_BLOCKS = YES;
				GCC_OPTIMIZATION_LEVEL = 0;
				GCC_PREPROCESSOR_DEFINITIONS = (
					"DEBUG=1",
					"$(inherited)",
				);
				GCC_WARN_64_TO_32_BIT_CONVERSION = YES;
				GCC_WARN_ABOUT_RETURN_TYPE = YES_ERROR;
				GCC_WARN_UNDECLARED_SELECTOR = YES;
				GCC_WARN_UNINITIALIZED_AUTOS = YES_AGGRESSIVE;
				GCC_WARN_UNUSED_FUNCTION = YES;
				GCC_WARN_UNUSED_VARIABLE = YES;
				IPHONEOS_DEPLOYMENT_TARGET = 17.0;
				LOCALIZATION_PREFERS_STRING_CATALOGS = YES;
				MTL_ENABLE_DEBUG_INFO = INCLUDE_SOURCE;
				MTL_FAST_MATH = YES;
				ONLY_ACTIVE_ARCH = YES;
				SDKROOT = iphoneos;
				SWIFT_ACTIVE_COMPILATION_CONDITIONS = "DEBUG $(inherited)";
				SWIFT_OPTIMIZATION_LEVEL = "-Onone";
			};
			name = Debug;
		};
		D8C07DE52AE417B10069EF0C /* Release */ = {
			isa = XCBuildConfiguration;
			buildSettings = {
				ALWAYS_SEARCH_USER_PATHS = NO;
				ASSETCATALOG_COMPILER_GENERATE_SWIFT_ASSET_SYMBOL_EXTENSIONS = YES;
				CLANG_ANALYZER_NONNULL = YES;
				CLANG_ANALYZER_NUMBER_OBJECT_CONVERSION = YES_AGGRESSIVE;
				CLANG_CXX_LANGUAGE_STANDARD = "gnu++20";
				CLANG_ENABLE_MODULES = YES;
				CLANG_ENABLE_OBJC_ARC = YES;
				CLANG_ENABLE_OBJC_WEAK = YES;
				CLANG_WARN_BLOCK_CAPTURE_AUTORELEASING = YES;
				CLANG_WARN_BOOL_CONVERSION = YES;
				CLANG_WARN_COMMA = YES;
				CLANG_WARN_CONSTANT_CONVERSION = YES;
				CLANG_WARN_DEPRECATED_OBJC_IMPLEMENTATIONS = YES;
				CLANG_WARN_DIRECT_OBJC_ISA_USAGE = YES_ERROR;
				CLANG_WARN_DOCUMENTATION_COMMENTS = YES;
				CLANG_WARN_EMPTY_BODY = YES;
				CLANG_WARN_ENUM_CONVERSION = YES;
				CLANG_WARN_INFINITE_RECURSION = YES;
				CLANG_WARN_INT_CONVERSION = YES;
				CLANG_WARN_NON_LITERAL_NULL_CONVERSION = YES;
				CLANG_WARN_OBJC_IMPLICIT_RETAIN_SELF = YES;
				CLANG_WARN_OBJC_LITERAL_CONVERSION = YES;
				CLANG_WARN_OBJC_ROOT_CLASS = YES_ERROR;
				CLANG_WARN_QUOTED_INCLUDE_IN_FRAMEWORK_HEADER = YES;
				CLANG_WARN_RANGE_LOOP_ANALYSIS = YES;
				CLANG_WARN_STRICT_PROTOTYPES = YES;
				CLANG_WARN_SUSPICIOUS_MOVE = YES;
				CLANG_WARN_UNGUARDED_AVAILABILITY = YES_AGGRESSIVE;
				CLANG_WARN_UNREACHABLE_CODE = YES;
				CLANG_WARN__DUPLICATE_METHOD_MATCH = YES;
				COPY_PHASE_STRIP = NO;
				DEBUG_INFORMATION_FORMAT = "dwarf-with-dsym";
				ENABLE_NS_ASSERTIONS = NO;
				ENABLE_STRICT_OBJC_MSGSEND = YES;
				ENABLE_USER_SCRIPT_SANDBOXING = YES;
				GCC_C_LANGUAGE_STANDARD = gnu17;
				GCC_NO_COMMON_BLOCKS = YES;
				GCC_WARN_64_TO_32_BIT_CONVERSION = YES;
				GCC_WARN_ABOUT_RETURN_TYPE = YES_ERROR;
				GCC_WARN_UNDECLARED_SELECTOR = YES;
				GCC_WARN_UNINITIALIZED_AUTOS = YES_AGGRESSIVE;
				GCC_WARN_UNUSED_FUNCTION = YES;
				GCC_WARN_UNUSED_VARIABLE = YES;
				IPHONEOS_DEPLOYMENT_TARGET = 17.0;
				LOCALIZATION_PREFERS_STRING_CATALOGS = YES;
				MTL_ENABLE_DEBUG_INFO = NO;
				MTL_FAST_MATH = YES;
				SDKROOT = iphoneos;
				SWIFT_COMPILATION_MODE = wholemodule;
				VALIDATE_PRODUCT = YES;
			};
			name = Release;
		};
		D8C07DE72AE417B10069EF0C /* Debug */ = {
			isa = XCBuildConfiguration;
			buildSettings = {
				ASSETCATALOG_COMPILER_APPICON_NAME = AppIcon;
				ASSETCATALOG_COMPILER_GLOBAL_ACCENT_COLOR_NAME = AccentColor;
				CODE_SIGN_ENTITLEMENTS = GREENTRaiL/GREENTRaiL.entitlements;
				CODE_SIGN_STYLE = Automatic;
				CURRENT_PROJECT_VERSION = 1;
				DEVELOPMENT_ASSET_PATHS = "\"GREENTRaiL/Preview Content\"";
				DEVELOPMENT_TEAM = YJ78BL42Z2;
				ENABLE_PREVIEWS = YES;
				GENERATE_INFOPLIST_FILE = YES;
				INFOPLIST_FILE = GREENTRaiL/Info.plist;
				INFOPLIST_KEY_CFBundleDisplayName = "";
				INFOPLIST_KEY_LSApplicationCategoryType = "";
				INFOPLIST_KEY_NSHealthShareUsageDescription = "May we use your biometric data to recomend trails?";
				INFOPLIST_KEY_UIApplicationSceneManifest_Generation = YES;
				INFOPLIST_KEY_UIApplicationSupportsIndirectInputEvents = YES;
				INFOPLIST_KEY_UILaunchScreen_Generation = YES;
				INFOPLIST_KEY_UISupportedInterfaceOrientations_iPad = "UIInterfaceOrientationPortrait UIInterfaceOrientationPortraitUpsideDown UIInterfaceOrientationLandscapeLeft UIInterfaceOrientationLandscapeRight";
				INFOPLIST_KEY_UISupportedInterfaceOrientations_iPhone = "UIInterfaceOrientationPortrait UIInterfaceOrientationLandscapeLeft UIInterfaceOrientationLandscapeRight";
				LD_RUNPATH_SEARCH_PATHS = (
					"$(inherited)",
					"@executable_path/Frameworks",
				);
				MARKETING_VERSION = 1.0;
				PRODUCT_BUNDLE_IDENTIFIER = HackHarvard.GREENTRaiL;
				PRODUCT_NAME = "$(TARGET_NAME)";
				SWIFT_EMIT_LOC_STRINGS = YES;
				SWIFT_VERSION = 5.0;
				TARGETED_DEVICE_FAMILY = "1,2";
			};
			name = Debug;
		};
		D8C07DE82AE417B10069EF0C /* Release */ = {
			isa = XCBuildConfiguration;
			buildSettings = {
				ASSETCATALOG_COMPILER_APPICON_NAME = AppIcon;
				ASSETCATALOG_COMPILER_GLOBAL_ACCENT_COLOR_NAME = AccentColor;
				CODE_SIGN_ENTITLEMENTS = GREENTRaiL/GREENTRaiL.entitlements;
				CODE_SIGN_STYLE = Automatic;
				CURRENT_PROJECT_VERSION = 1;
				DEVELOPMENT_ASSET_PATHS = "\"GREENTRaiL/Preview Content\"";
				DEVELOPMENT_TEAM = YJ78BL42Z2;
				ENABLE_PREVIEWS = YES;
				GENERATE_INFOPLIST_FILE = YES;
				INFOPLIST_FILE = GREENTRaiL/Info.plist;
				INFOPLIST_KEY_CFBundleDisplayName = "";
				INFOPLIST_KEY_LSApplicationCategoryType = "";
				INFOPLIST_KEY_NSHealthShareUsageDescription = "May we use your biometric data to recomend trails?";
				INFOPLIST_KEY_UIApplicationSceneManifest_Generation = YES;
				INFOPLIST_KEY_UIApplicationSupportsIndirectInputEvents = YES;
				INFOPLIST_KEY_UILaunchScreen_Generation = YES;
				INFOPLIST_KEY_UISupportedInterfaceOrientations_iPad = "UIInterfaceOrientationPortrait UIInterfaceOrientationPortraitUpsideDown UIInterfaceOrientationLandscapeLeft UIInterfaceOrientationLandscapeRight";
				INFOPLIST_KEY_UISupportedInterfaceOrientations_iPhone = "UIInterfaceOrientationPortrait UIInterfaceOrientationLandscapeLeft UIInterfaceOrientationLandscapeRight";
				LD_RUNPATH_SEARCH_PATHS = (
					"$(inherited)",
					"@executable_path/Frameworks",
				);
				MARKETING_VERSION = 1.0;
				PRODUCT_BUNDLE_IDENTIFIER = HackHarvard.GREENTRaiL;
				PRODUCT_NAME = "$(TARGET_NAME)";
				SWIFT_EMIT_LOC_STRINGS = YES;
				SWIFT_VERSION = 5.0;
				TARGETED_DEVICE_FAMILY = "1,2";
			};
			name = Release;
		};
/* End XCBuildConfiguration section */

/* Begin XCConfigurationList section */
		D8C07DD32AE417AB0069EF0C /* Build configuration list for PBXProject "GREENTRaiL" */ = {
			isa = XCConfigurationList;
			buildConfigurations = (
				D8C07DE42AE417B10069EF0C /* Debug */,
				D8C07DE52AE417B10069EF0C /* Release */,
			);
			defaultConfigurationIsVisible = 0;
			defaultConfigurationName = Release;
		};
		D8C07DE62AE417B10069EF0C /* Build configuration list for PBXNativeTarget "GREENTRaiL" */ = {
			isa = XCConfigurationList;
			buildConfigurations = (
				D8C07DE72AE417B10069EF0C /* Debug */,
				D8C07DE82AE417B10069EF0C /* Release */,
			);
			defaultConfigurationIsVisible = 0;
			defaultConfigurationName = Release;
		};
/* End XCConfigurationList section */

/* Begin XCRemoteSwiftPackageReference section */
		081529FD2AE419320039AE8F /* XCRemoteSwiftPackageReference "TerraiOS" */ = {
			isa = XCRemoteSwiftPackageReference;
			repositoryURL = "https://github.com/tryterra/TerraiOS";
			requirement = {
				kind = upToNextMajorVersion;
				minimumVersion = 1.5.1;
			};
		};
		5CC476592AE41D0F00FF2510 /* XCRemoteSwiftPackageReference "firebase-ios-sdk" */ = {
			isa = XCRemoteSwiftPackageReference;
			repositoryURL = "https://github.com/firebase/firebase-ios-sdk";
			requirement = {
				kind = upToNextMajorVersion;
				minimumVersion = 10.16.0;
			};
		};
/* End XCRemoteSwiftPackageReference section */

/* Begin XCSwiftPackageProductDependency section */
		081529FE2AE419320039AE8F /* TerraiOS */ = {
			isa = XCSwiftPackageProductDependency;
			package = 081529FD2AE419320039AE8F /* XCRemoteSwiftPackageReference "TerraiOS" */;
			productName = TerraiOS;
		};
		5CC4765A2AE41D0F00FF2510 /* FirebaseAnalytics */ = {
			isa = XCSwiftPackageProductDependency;
			package = 5CC476592AE41D0F00FF2510 /* XCRemoteSwiftPackageReference "firebase-ios-sdk" */;
			productName = FirebaseAnalytics;
		};
		5CC4765C2AE41D0F00FF2510 /* FirebaseAnalyticsOnDeviceConversion */ = {
			isa = XCSwiftPackageProductDependency;
			package = 5CC476592AE41D0F00FF2510 /* XCRemoteSwiftPackageReference "firebase-ios-sdk" */;
			productName = FirebaseAnalyticsOnDeviceConversion;
		};
		5CC4765E2AE41D0F00FF2510 /* FirebaseAnalyticsSwift */ = {
			isa = XCSwiftPackageProductDependency;
			package = 5CC476592AE41D0F00FF2510 /* XCRemoteSwiftPackageReference "firebase-ios-sdk" */;
			productName = FirebaseAnalyticsSwift;
		};
		5CC476602AE41D0F00FF2510 /* FirebaseAnalyticsWithoutAdIdSupport */ = {
			isa = XCSwiftPackageProductDependency;
			package = 5CC476592AE41D0F00FF2510 /* XCRemoteSwiftPackageReference "firebase-ios-sdk" */;
			productName = FirebaseAnalyticsWithoutAdIdSupport;
		};
		5CC476622AE41D0F00FF2510 /* FirebaseAppCheck */ = {
			isa = XCSwiftPackageProductDependency;
			package = 5CC476592AE41D0F00FF2510 /* XCRemoteSwiftPackageReference "firebase-ios-sdk" */;
			productName = FirebaseAppCheck;
		};
		5CC476642AE41D0F00FF2510 /* FirebaseAppDistribution-Beta */ = {
			isa = XCSwiftPackageProductDependency;
			package = 5CC476592AE41D0F00FF2510 /* XCRemoteSwiftPackageReference "firebase-ios-sdk" */;
			productName = "FirebaseAppDistribution-Beta";
		};
		5CC476662AE41D0F00FF2510 /* FirebaseAuth */ = {
			isa = XCSwiftPackageProductDependency;
			package = 5CC476592AE41D0F00FF2510 /* XCRemoteSwiftPackageReference "firebase-ios-sdk" */;
			productName = FirebaseAuth;
		};
		5CC476682AE41D0F00FF2510 /* FirebaseAuthCombine-Community */ = {
			isa = XCSwiftPackageProductDependency;
			package = 5CC476592AE41D0F00FF2510 /* XCRemoteSwiftPackageReference "firebase-ios-sdk" */;
			productName = "FirebaseAuthCombine-Community";
		};
		5CC4766A2AE41D0F00FF2510 /* FirebaseCrashlytics */ = {
			isa = XCSwiftPackageProductDependency;
			package = 5CC476592AE41D0F00FF2510 /* XCRemoteSwiftPackageReference "firebase-ios-sdk" */;
			productName = FirebaseCrashlytics;
		};
		5CC4766C2AE41D0F00FF2510 /* FirebaseDatabase */ = {
			isa = XCSwiftPackageProductDependency;
			package = 5CC476592AE41D0F00FF2510 /* XCRemoteSwiftPackageReference "firebase-ios-sdk" */;
			productName = FirebaseDatabase;
		};
		5CC4766E2AE41D0F00FF2510 /* FirebaseDatabaseSwift */ = {
			isa = XCSwiftPackageProductDependency;
			package = 5CC476592AE41D0F00FF2510 /* XCRemoteSwiftPackageReference "firebase-ios-sdk" */;
			productName = FirebaseDatabaseSwift;
		};
		5CC476702AE41D0F00FF2510 /* FirebaseDynamicLinks */ = {
			isa = XCSwiftPackageProductDependency;
			package = 5CC476592AE41D0F00FF2510 /* XCRemoteSwiftPackageReference "firebase-ios-sdk" */;
			productName = FirebaseDynamicLinks;
		};
		5CC476722AE41D0F00FF2510 /* FirebaseFirestore */ = {
			isa = XCSwiftPackageProductDependency;
			package = 5CC476592AE41D0F00FF2510 /* XCRemoteSwiftPackageReference "firebase-ios-sdk" */;
			productName = FirebaseFirestore;
		};
		5CC476742AE41D0F00FF2510 /* FirebaseFirestoreCombine-Community */ = {
			isa = XCSwiftPackageProductDependency;
			package = 5CC476592AE41D0F00FF2510 /* XCRemoteSwiftPackageReference "firebase-ios-sdk" */;
			productName = "FirebaseFirestoreCombine-Community";
		};
		5CC476762AE41D0F00FF2510 /* FirebaseFirestoreSwift */ = {
			isa = XCSwiftPackageProductDependency;
			package = 5CC476592AE41D0F00FF2510 /* XCRemoteSwiftPackageReference "firebase-ios-sdk" */;
			productName = FirebaseFirestoreSwift;
		};
		5CC476782AE41D0F00FF2510 /* FirebaseFunctions */ = {
			isa = XCSwiftPackageProductDependency;
			package = 5CC476592AE41D0F00FF2510 /* XCRemoteSwiftPackageReference "firebase-ios-sdk" */;
			productName = FirebaseFunctions;
		};
		5CC4767A2AE41D0F00FF2510 /* FirebaseFunctionsCombine-Community */ = {
			isa = XCSwiftPackageProductDependency;
			package = 5CC476592AE41D0F00FF2510 /* XCRemoteSwiftPackageReference "firebase-ios-sdk" */;
			productName = "FirebaseFunctionsCombine-Community";
		};
		5CC4767C2AE41D0F00FF2510 /* FirebaseInAppMessaging-Beta */ = {
			isa = XCSwiftPackageProductDependency;
			package = 5CC476592AE41D0F00FF2510 /* XCRemoteSwiftPackageReference "firebase-ios-sdk" */;
			productName = "FirebaseInAppMessaging-Beta";
		};
		5CC4767E2AE41D0F00FF2510 /* FirebaseInAppMessagingSwift-Beta */ = {
			isa = XCSwiftPackageProductDependency;
			package = 5CC476592AE41D0F00FF2510 /* XCRemoteSwiftPackageReference "firebase-ios-sdk" */;
			productName = "FirebaseInAppMessagingSwift-Beta";
		};
		5CC476802AE41D0F00FF2510 /* FirebaseInstallations */ = {
			isa = XCSwiftPackageProductDependency;
			package = 5CC476592AE41D0F00FF2510 /* XCRemoteSwiftPackageReference "firebase-ios-sdk" */;
			productName = FirebaseInstallations;
		};
		5CC476822AE41D0F00FF2510 /* FirebaseMLModelDownloader */ = {
			isa = XCSwiftPackageProductDependency;
			package = 5CC476592AE41D0F00FF2510 /* XCRemoteSwiftPackageReference "firebase-ios-sdk" */;
			productName = FirebaseMLModelDownloader;
		};
		5CC476842AE41D0F00FF2510 /* FirebaseMessaging */ = {
			isa = XCSwiftPackageProductDependency;
			package = 5CC476592AE41D0F00FF2510 /* XCRemoteSwiftPackageReference "firebase-ios-sdk" */;
			productName = FirebaseMessaging;
		};
		5CC476862AE41D0F00FF2510 /* FirebasePerformance */ = {
			isa = XCSwiftPackageProductDependency;
			package = 5CC476592AE41D0F00FF2510 /* XCRemoteSwiftPackageReference "firebase-ios-sdk" */;
			productName = FirebasePerformance;
		};
		5CC476882AE41D0F00FF2510 /* FirebaseRemoteConfig */ = {
			isa = XCSwiftPackageProductDependency;
			package = 5CC476592AE41D0F00FF2510 /* XCRemoteSwiftPackageReference "firebase-ios-sdk" */;
			productName = FirebaseRemoteConfig;
		};
		5CC4768A2AE41D1000FF2510 /* FirebaseRemoteConfigSwift */ = {
			isa = XCSwiftPackageProductDependency;
			package = 5CC476592AE41D0F00FF2510 /* XCRemoteSwiftPackageReference "firebase-ios-sdk" */;
			productName = FirebaseRemoteConfigSwift;
		};
		5CC4768C2AE41D1000FF2510 /* FirebaseStorage */ = {
			isa = XCSwiftPackageProductDependency;
			package = 5CC476592AE41D0F00FF2510 /* XCRemoteSwiftPackageReference "firebase-ios-sdk" */;
			productName = FirebaseStorage;
		};
		5CC4768E2AE41D1000FF2510 /* FirebaseStorageCombine-Community */ = {
			isa = XCSwiftPackageProductDependency;
			package = 5CC476592AE41D0F00FF2510 /* XCRemoteSwiftPackageReference "firebase-ios-sdk" */;
			productName = "FirebaseStorageCombine-Community";
		};
/* End XCSwiftPackageProductDependency section */
	};
	rootObject = D8C07DD02AE417AB0069EF0C /* Project object */;
}
